
Microsoft Visual Studio Solution File, Format Version 12.00
# Visual Studio Version 16
VisualStudioVersion = 16.0.31321.278
MinimumVisualStudioVersion = 10.0.40219.1
Project("{9A19103F-16F7-4668-BE54-9A1E7A4F7556}") = "FluentMigrator.MigrationsManager", "FluentMigrator.MigrationsManager\FluentMigrator.MigrationsManager.csproj", "{29B663F6-6BC4-47D1-9224-288A5921EDB4}"
EndProject
Project("{9A19103F-16F7-4668-BE54-9A1E7A4F7556}") = "FluentMigrator.MigrationsManager.UnitTests", "FluentMigrator.MigrationsManager.UnitTests\FluentMigrator.MigrationsManager.UnitTests.csproj", "{9C0478CD-6D83-4D1C-A0E6-3015FD469A4D}"
EndProject
Project("{FAE04EC0-301F-11D3-BF4B-00C04F79EFBC}") = "FluentMigrator.MigrationsManager.IntegrationTests", "FluentMigrator.MigrationsManager.IntegrationTests\FluentMigrator.MigrationsManager.IntegrationTests.csproj", "{6B4974B3-FF6E-4CFC-BF7E-3FBD5EC2EEA3}"
EndProject
Global
	GlobalSection(SolutionConfigurationPlatforms) = preSolution
		Debug|Any CPU = Debug|Any CPU
		Release|Any CPU = Release|Any CPU
	EndGlobalSection
	GlobalSection(ProjectConfigurationPlatforms) = postSolution
		{29B663F6-6BC4-47D1-9224-288A5921EDB4}.Debug|Any CPU.ActiveCfg = Debug|Any CPU
		{29B663F6-6BC4-47D1-9224-288A5921EDB4}.Debug|Any CPU.Build.0 = Debug|Any CPU
		{29B663F6-6BC4-47D1-9224-288A5921EDB4}.Release|Any CPU.ActiveCfg = Release|Any CPU
		{29B663F6-6BC4-47D1-9224-288A5921EDB4}.Release|Any CPU.Build.0 = Release|Any CPU
		{9C0478CD-6D83-4D1C-A0E6-3015FD469A4D}.Debug|Any CPU.ActiveCfg = Debug|Any CPU
		{9C0478CD-6D83-4D1C-A0E6-3015FD469A4D}.Debug|Any CPU.Build.0 = Debug|Any CPU
		{9C0478CD-6D83-4D1C-A0E6-3015FD469A4D}.Release|Any CPU.ActiveCfg = Release|Any CPU
		{9C0478CD-6D83-4D1C-A0E6-3015FD469A4D}.Release|Any CPU.Build.0 = Release|Any CPU
		{6B4974B3-FF6E-4CFC-BF7E-3FBD5EC2EEA3}.Debug|Any CPU.ActiveCfg = Debug|Any CPU
		{6B4974B3-FF6E-4CFC-BF7E-3FBD5EC2EEA3}.Debug|Any CPU.Build.0 = Debug|Any CPU
		{6B4974B3-FF6E-4CFC-BF7E-3FBD5EC2EEA3}.Release|Any CPU.ActiveCfg = Release|Any CPU
		{6B4974B3-FF6E-4CFC-BF7E-3FBD5EC2EEA3}.Release|Any CPU.Build.0 = Release|Any CPU
	EndGlobalSection
	GlobalSection(SolutionProperties) = preSolution
		HideSolutionNode = FALSE
	EndGlobalSection
	GlobalSection(ExtensibilityGlobals) = postSolution
		SolutionGuid = {CDA49073-D32D-48D4-B715-30DEA509F601}
	EndGlobalSection
EndGlobal
